// !$*UTF8*$!
{
	archiveVersion = 1;
	classes = {
	};
	objectVersion = 50;
	objects = {

/* Begin PBXBuildFile section */
		DA85CA642456CED7002E9968 /* MYZContentItemController.m in Sources */ = {isa = PBXBuildFile; fileRef = DA85CA632456CED7002E9968 /* MYZContentItemController.m */; };
		DA85CA672456D673002E9968 /* MYZItemCell.m in Sources */ = {isa = PBXBuildFile; fileRef = DA85CA662456D673002E9968 /* MYZItemCell.m */; };
		DAC7A1EE20D9E7C4006EC55C /* AppDelegate.m in Sources */ = {isa = PBXBuildFile; fileRef = DAC7A1ED20D9E7C4006EC55C /* AppDelegate.m */; };
		DAC7A1F420D9E7C4006EC55C /* Main.storyboard in Resources */ = {isa = PBXBuildFile; fileRef = DAC7A1F220D9E7C4006EC55C /* Main.storyboard */; };
		DAC7A1F620D9E7C5006EC55C /* Assets.xcassets in Resources */ = {isa = PBXBuildFile; fileRef = DAC7A1F520D9E7C5006EC55C /* Assets.xcassets */; };
		DAC7A1F920D9E7C5006EC55C /* LaunchScreen.storyboard in Resources */ = {isa = PBXBuildFile; fileRef = DAC7A1F720D9E7C5006EC55C /* LaunchScreen.storyboard */; };
		DAC7A1FC20D9E7C5006EC55C /* main.m in Sources */ = {isa = PBXBuildFile; fileRef = DAC7A1FB20D9E7C5006EC55C /* main.m */; };
		DAC7A20620D9E7C5006EC55C /* MYZContentPageTests.m in Sources */ = {isa = PBXBuildFile; fileRef = DAC7A20520D9E7C5006EC55C /* MYZContentPageTests.m */; };
		DAC7A21120D9E7C5006EC55C /* MYZContentPageUITests.m in Sources */ = {isa = PBXBuildFile; fileRef = DAC7A21020D9E7C5006EC55C /* MYZContentPageUITests.m */; };
		DAD8E8B624542FD200C314C9 /* MYZPageViewController.m in Sources */ = {isa = PBXBuildFile; fileRef = DAD8E8B524542FD200C314C9 /* MYZPageViewController.m */; };
		DAD8E8B92454303500C314C9 /* MYZSlidePageController.m in Sources */ = {isa = PBXBuildFile; fileRef = DAD8E8B82454303500C314C9 /* MYZSlidePageController.m */; };
		DAD8E8BC2454304A00C314C9 /* MYZContentPageController.m in Sources */ = {isa = PBXBuildFile; fileRef = DAD8E8BB2454304A00C314C9 /* MYZContentPageController.m */; };
		DAD8E8BF2454334300C314C9 /* MYZPageTableView.m in Sources */ = {isa = PBXBuildFile; fileRef = DAD8E8BE2454334200C314C9 /* MYZPageTableView.m */; };
/* End PBXBuildFile section */

/* Begin PBXContainerItemProxy section */
		DAC7A20220D9E7C5006EC55C /* PBXContainerItemProxy */ = {
			isa = PBXContainerItemProxy;
			containerPortal = DAC7A1E120D9E7C4006EC55C /* Project object */;
			proxyType = 1;
			remoteGlobalIDString = DAC7A1E820D9E7C4006EC55C;
			remoteInfo = MYZContentPage;
		};
		DAC7A20D20D9E7C5006EC55C /* PBXContainerItemProxy */ = {
			isa = PBXContainerItemProxy;
			containerPortal = DAC7A1E120D9E7C4006EC55C /* Project object */;
			proxyType = 1;
			remoteGlobalIDString = DAC7A1E820D9E7C4006EC55C;
			remoteInfo = MYZContentPage;
		};
/* End PBXContainerItemProxy section */

/* Begin PBXFileReference section */
		DA85CA5D24557189002E9968 /* MYZConst.h */ = {isa = PBXFileReference; lastKnownFileType = sourcecode.c.h; path = MYZConst.h; sourceTree = "<group>"; };
		DA85CA622456CED7002E9968 /* MYZContentItemController.h */ = {isa = PBXFileReference; fileEncoding = 4; lastKnownFileType = sourcecode.c.h; path = MYZContentItemController.h; sourceTree = "<group>"; };
		DA85CA632456CED7002E9968 /* MYZContentItemController.m */ = {isa = PBXFileReference; fileEncoding = 4; lastKnownFileType = sourcecode.c.objc; path = MYZContentItemController.m; sourceTree = "<group>"; };
		DA85CA652456D673002E9968 /* MYZItemCell.h */ = {isa = PBXFileReference; lastKnownFileType = sourcecode.c.h; path = MYZItemCell.h; sourceTree = "<group>"; };
		DA85CA662456D673002E9968 /* MYZItemCell.m */ = {isa = PBXFileReference; lastKnownFileType = sourcecode.c.objc; path = MYZItemCell.m; sourceTree = "<group>"; };
		DAC7A1E920D9E7C4006EC55C /* MYZContentPage.app */ = {isa = PBXFileReference; explicitFileType = wrapper.application; includeInIndex = 0; path = MYZContentPage.app; sourceTree = BUILT_PRODUCTS_DIR; };
		DAC7A1EC20D9E7C4006EC55C /* AppDelegate.h */ = {isa = PBXFileReference; lastKnownFileType = sourcecode.c.h; path = AppDelegate.h; sourceTree = "<group>"; };
		DAC7A1ED20D9E7C4006EC55C /* AppDelegate.m */ = {isa = PBXFileReference; lastKnownFileType = sourcecode.c.objc; path = AppDelegate.m; sourceTree = "<group>"; };
		DAC7A1F320D9E7C4006EC55C /* Base */ = {isa = PBXFileReference; lastKnownFileType = file.storyboard; name = Base; path = Base.lproj/Main.storyboard; sourceTree = "<group>"; };
		DAC7A1F520D9E7C5006EC55C /* Assets.xcassets */ = {isa = PBXFileReference; lastKnownFileType = folder.assetcatalog; path = Assets.xcassets; sourceTree = "<group>"; };
		DAC7A1F820D9E7C5006EC55C /* Base */ = {isa = PBXFileReference; lastKnownFileType = file.storyboard; name = Base; path = Base.lproj/LaunchScreen.storyboard; sourceTree = "<group>"; };
		DAC7A1FA20D9E7C5006EC55C /* Info.plist */ = {isa = PBXFileReference; lastKnownFileType = text.plist.xml; path = Info.plist; sourceTree = "<group>"; };
		DAC7A1FB20D9E7C5006EC55C /* main.m */ = {isa = PBXFileReference; lastKnownFileType = sourcecode.c.objc; path = main.m; sourceTree = "<group>"; };
		DAC7A20120D9E7C5006EC55C /* MYZContentPageTests.xctest */ = {isa = PBXFileReference; explicitFileType = wrapper.cfbundle; includeInIndex = 0; path = MYZContentPageTests.xctest; sourceTree = BUILT_PRODUCTS_DIR; };
		DAC7A20520D9E7C5006EC55C /* MYZContentPageTests.m */ = {isa = PBXFileReference; lastKnownFileType = sourcecode.c.objc; path = MYZContentPageTests.m; sourceTree = "<group>"; };
		DAC7A20720D9E7C5006EC55C /* Info.plist */ = {isa = PBXFileReference; lastKnownFileType = text.plist.xml; path = Info.plist; sourceTree = "<group>"; };
		DAC7A20C20D9E7C5006EC55C /* MYZContentPageUITests.xctest */ = {isa = PBXFileReference; explicitFileType = wrapper.cfbundle; includeInIndex = 0; path = MYZContentPageUITests.xctest; sourceTree = BUILT_PRODUCTS_DIR; };
		DAC7A21020D9E7C5006EC55C /* MYZContentPageUITests.m */ = {isa = PBXFileReference; lastKnownFileType = sourcecode.c.objc; path = MYZContentPageUITests.m; sourceTree = "<group>"; };
		DAC7A21220D9E7C5006EC55C /* Info.plist */ = {isa = PBXFileReference; lastKnownFileType = text.plist.xml; path = Info.plist; sourceTree = "<group>"; };
		DAD8E8B424542FD200C314C9 /* MYZPageViewController.h */ = {isa = PBXFileReference; lastKnownFileType = sourcecode.c.h; path = MYZPageViewController.h; sourceTree = "<group>"; };
		DAD8E8B524542FD200C314C9 /* MYZPageViewController.m */ = {isa = PBXFileReference; lastKnownFileType = sourcecode.c.objc; path = MYZPageViewController.m; sourceTree = "<group>"; };
		DAD8E8B72454303500C314C9 /* MYZSlidePageController.h */ = {isa = PBXFileReference; lastKnownFileType = sourcecode.c.h; path = MYZSlidePageController.h; sourceTree = "<group>"; };
		DAD8E8B82454303500C314C9 /* MYZSlidePageController.m */ = {isa = PBXFileReference; lastKnownFileType = sourcecode.c.objc; path = MYZSlidePageController.m; sourceTree = "<group>"; };
		DAD8E8BA2454304A00C314C9 /* MYZContentPageController.h */ = {isa = PBXFileReference; lastKnownFileType = sourcecode.c.h; path = MYZContentPageController.h; sourceTree = "<group>"; };
		DAD8E8BB2454304A00C314C9 /* MYZContentPageController.m */ = {isa = PBXFileReference; lastKnownFileType = sourcecode.c.objc; path = MYZContentPageController.m; sourceTree = "<group>"; };
		DAD8E8BD2454334200C314C9 /* MYZPageTableView.h */ = {isa = PBXFileReference; fileEncoding = 4; lastKnownFileType = sourcecode.c.h; path = MYZPageTableView.h; sourceTree = "<group>"; };
		DAD8E8BE2454334200C314C9 /* MYZPageTableView.m */ = {isa = PBXFileReference; fileEncoding = 4; lastKnownFileType = sourcecode.c.objc; path = MYZPageTableView.m; sourceTree = "<group>"; };
/* End PBXFileReference section */

/* Begin PBXFrameworksBuildPhase section */
		DAC7A1E620D9E7C4006EC55C /* Frameworks */ = {
			isa = PBXFrameworksBuildPhase;
			buildActionMask = 2147483647;
			files = (
			);
			runOnlyForDeploymentPostprocessing = 0;
		};
		DAC7A1FE20D9E7C5006EC55C /* Frameworks */ = {
			isa = PBXFrameworksBuildPhase;
			buildActionMask = 2147483647;
			files = (
			);
			runOnlyForDeploymentPostprocessing = 0;
		};
		DAC7A20920D9E7C5006EC55C /* Frameworks */ = {
			isa = PBXFrameworksBuildPhase;
			buildActionMask = 2147483647;
			files = (
			);
			runOnlyForDeploymentPostprocessing = 0;
		};
/* End PBXFrameworksBuildPhase section */

/* Begin PBXGroup section */
		DA85CA612456CED7002E9968 /* ItemDrag */ = {
			isa = PBXGroup;
			children = (
				DA85CA622456CED7002E9968 /* MYZContentItemController.h */,
				DA85CA632456CED7002E9968 /* MYZContentItemController.m */,
				DA85CA652456D673002E9968 /* MYZItemCell.h */,
				DA85CA662456D673002E9968 /* MYZItemCell.m */,
			);
			path = ItemDrag;
			sourceTree = "<group>";
		};
		DAC7A1E020D9E7C4006EC55C = {
			isa = PBXGroup;
			children = (
				DAC7A1EB20D9E7C4006EC55C /* MYZContentPage */,
				DAC7A20420D9E7C5006EC55C /* MYZContentPageTests */,
				DAC7A20F20D9E7C5006EC55C /* MYZContentPageUITests */,
				DAC7A1EA20D9E7C4006EC55C /* Products */,
			);
			sourceTree = "<group>";
		};
		DAC7A1EA20D9E7C4006EC55C /* Products */ = {
			isa = PBXGroup;
			children = (
				DAC7A1E920D9E7C4006EC55C /* MYZContentPage.app */,
				DAC7A20120D9E7C5006EC55C /* MYZContentPageTests.xctest */,
				DAC7A20C20D9E7C5006EC55C /* MYZContentPageUITests.xctest */,
			);
			name = Products;
			sourceTree = "<group>";
		};
		DAC7A1EB20D9E7C4006EC55C /* MYZContentPage */ = {
			isa = PBXGroup;
			children = (
				DAD8E8B324542F3400C314C9 /* Page_1 */,
				DAD8E8B124542F3400C314C9 /* Page_2 */,
				DAD8E8B224542F3400C314C9 /* Page_3 */,
				DAC7A1EC20D9E7C4006EC55C /* AppDelegate.h */,
				DAC7A1ED20D9E7C4006EC55C /* AppDelegate.m */,
				DA85CA5D24557189002E9968 /* MYZConst.h */,
				DAC7A1F220D9E7C4006EC55C /* Main.storyboard */,
				DAC7A1F520D9E7C5006EC55C /* Assets.xcassets */,
				DAC7A1F720D9E7C5006EC55C /* LaunchScreen.storyboard */,
				DAC7A1FA20D9E7C5006EC55C /* Info.plist */,
				DAC7A1FB20D9E7C5006EC55C /* main.m */,
			);
			path = MYZContentPage;
			sourceTree = "<group>";
		};
		DAC7A20420D9E7C5006EC55C /* MYZContentPageTests */ = {
			isa = PBXGroup;
			children = (
				DAC7A20520D9E7C5006EC55C /* MYZContentPageTests.m */,
				DAC7A20720D9E7C5006EC55C /* Info.plist */,
			);
			path = MYZContentPageTests;
			sourceTree = "<group>";
		};
		DAC7A20F20D9E7C5006EC55C /* MYZContentPageUITests */ = {
			isa = PBXGroup;
			children = (
				DAC7A21020D9E7C5006EC55C /* MYZContentPageUITests.m */,
				DAC7A21220D9E7C5006EC55C /* Info.plist */,
			);
			path = MYZContentPageUITests;
			sourceTree = "<group>";
		};
		DAD8E8B124542F3400C314C9 /* Page_2 */ = {
			isa = PBXGroup;
			children = (
				DAD8E8B72454303500C314C9 /* MYZSlidePageController.h */,
				DAD8E8B82454303500C314C9 /* MYZSlidePageController.m */,
			);
			path = Page_2;
			sourceTree = "<group>";
		};
		DAD8E8B224542F3400C314C9 /* Page_3 */ = {
			isa = PBXGroup;
			children = (
				DAD8E8B424542FD200C314C9 /* MYZPageViewController.h */,
				DAD8E8B524542FD200C314C9 /* MYZPageViewController.m */,
			);
			path = Page_3;
			sourceTree = "<group>";
		};
		DAD8E8B324542F3400C314C9 /* Page_1 */ = {
			isa = PBXGroup;
			children = (
				DAD8E8BA2454304A00C314C9 /* MYZContentPageController.h */,
				DAD8E8BB2454304A00C314C9 /* MYZContentPageController.m */,
				DAD8E8BD2454334200C314C9 /* MYZPageTableView.h */,
				DAD8E8BE2454334200C314C9 /* MYZPageTableView.m */,
				DA85CA612456CED7002E9968 /* ItemDrag */,
			);
			path = Page_1;
			sourceTree = "<group>";
		};
/* End PBXGroup section */

/* Begin PBXNativeTarget section */
		DAC7A1E820D9E7C4006EC55C /* MYZContentPage */ = {
			isa = PBXNativeTarget;
			buildConfigurationList = DAC7A21520D9E7C5006EC55C /* Build configuration list for PBXNativeTarget "MYZContentPage" */;
			buildPhases = (
				DAC7A1E520D9E7C4006EC55C /* Sources */,
				DAC7A1E620D9E7C4006EC55C /* Frameworks */,
				DAC7A1E720D9E7C4006EC55C /* Resources */,
			);
			buildRules = (
			);
			dependencies = (
			);
			name = MYZContentPage;
			productName = MYZContentPage;
			productReference = DAC7A1E920D9E7C4006EC55C /* MYZContentPage.app */;
			productType = "com.apple.product-type.application";
		};
		DAC7A20020D9E7C5006EC55C /* MYZContentPageTests */ = {
			isa = PBXNativeTarget;
			buildConfigurationList = DAC7A21820D9E7C5006EC55C /* Build configuration list for PBXNativeTarget "MYZContentPageTests" */;
			buildPhases = (
				DAC7A1FD20D9E7C5006EC55C /* Sources */,
				DAC7A1FE20D9E7C5006EC55C /* Frameworks */,
				DAC7A1FF20D9E7C5006EC55C /* Resources */,
			);
			buildRules = (
			);
			dependencies = (
				DAC7A20320D9E7C5006EC55C /* PBXTargetDependency */,
			);
			name = MYZContentPageTests;
			productName = MYZContentPageTests;
			productReference = DAC7A20120D9E7C5006EC55C /* MYZContentPageTests.xctest */;
			productType = "com.apple.product-type.bundle.unit-test";
		};
		DAC7A20B20D9E7C5006EC55C /* MYZContentPageUITests */ = {
			isa = PBXNativeTarget;
			buildConfigurationList = DAC7A21B20D9E7C5006EC55C /* Build configuration list for PBXNativeTarget "MYZContentPageUITests" */;
			buildPhases = (
				DAC7A20820D9E7C5006EC55C /* Sources */,
				DAC7A20920D9E7C5006EC55C /* Frameworks */,
				DAC7A20A20D9E7C5006EC55C /* Resources */,
			);
			buildRules = (
			);
			dependencies = (
				DAC7A20E20D9E7C5006EC55C /* PBXTargetDependency */,
			);
			name = MYZContentPageUITests;
			productName = MYZContentPageUITests;
			productReference = DAC7A20C20D9E7C5006EC55C /* MYZContentPageUITests.xctest */;
			productType = "com.apple.product-type.bundle.ui-testing";
		};
/* End PBXNativeTarget section */

/* Begin PBXProject section */
		DAC7A1E120D9E7C4006EC55C /* Project object */ = {
			isa = PBXProject;
			attributes = {
				LastUpgradeCheck = 0930;
				ORGANIZATIONNAME = myz;
				TargetAttributes = {
					DAC7A1E820D9E7C4006EC55C = {
						CreatedOnToolsVersion = 9.3;
					};
					DAC7A20020D9E7C5006EC55C = {
						CreatedOnToolsVersion = 9.3;
						TestTargetID = DAC7A1E820D9E7C4006EC55C;
					};
					DAC7A20B20D9E7C5006EC55C = {
						CreatedOnToolsVersion = 9.3;
						TestTargetID = DAC7A1E820D9E7C4006EC55C;
					};
				};
			};
			buildConfigurationList = DAC7A1E420D9E7C4006EC55C /* Build configuration list for PBXProject "MYZContentPage" */;
			compatibilityVersion = "Xcode 9.3";
			developmentRegion = en;
			hasScannedForEncodings = 0;
			knownRegions = (
				en,
				Base,
			);
			mainGroup = DAC7A1E020D9E7C4006EC55C;
			productRefGroup = DAC7A1EA20D9E7C4006EC55C /* Products */;
			projectDirPath = "";
			projectRoot = "";
			targets = (
				DAC7A1E820D9E7C4006EC55C /* MYZContentPage */,
				DAC7A20020D9E7C5006EC55C /* MYZContentPageTests */,
				DAC7A20B20D9E7C5006EC55C /* MYZContentPageUITests */,
			);
		};
/* End PBXProject section */

/* Begin PBXResourcesBuildPhase section */
		DAC7A1E720D9E7C4006EC55C /* Resources */ = {
			isa = PBXResourcesBuildPhase;
			buildActionMask = 2147483647;
			files = (
				DAC7A1F920D9E7C5006EC55C /* LaunchScreen.storyboard in Resources */,
				DAC7A1F620D9E7C5006EC55C /* Assets.xcassets in Resources */,
				DAC7A1F420D9E7C4006EC55C /* Main.storyboard in Resources */,
			);
			runOnlyForDeploymentPostprocessing = 0;
		};
		DAC7A1FF20D9E7C5006EC55C /* Resources */ = {
			isa = PBXResourcesBuildPhase;
			buildActionMask = 2147483647;
			files = (
			);
			runOnlyForDeploymentPostprocessing = 0;
		};
		DAC7A20A20D9E7C5006EC55C /* Resources */ = {
			isa = PBXResourcesBuildPhase;
			buildActionMask = 2147483647;
			files = (
			);
			runOnlyForDeploymentPostprocessing = 0;
		};
/* End PBXResourcesBuildPhase section */

/* Begin PBXSourcesBuildPhase section */
		DAC7A1E520D9E7C4006EC55C /* Sources */ = {
			isa = PBXSourcesBuildPhase;
			buildActionMask = 2147483647;
			files = (
				DAC7A1FC20D9E7C5006EC55C /* main.m in Sources */,
				DA85CA642456CED7002E9968 /* MYZContentItemController.m in Sources */,
				DAD8E8BC2454304A00C314C9 /* MYZContentPageController.m in Sources */,
				DAC7A1EE20D9E7C4006EC55C /* AppDelegate.m in Sources */,
				DAD8E8B624542FD200C314C9 /* MYZPageViewController.m in Sources */,
				DAD8E8B92454303500C314C9 /* MYZSlidePageController.m in Sources */,
				DAD8E8BF2454334300C314C9 /* MYZPageTableView.m in Sources */,
				DA85CA672456D673002E9968 /* MYZItemCell.m in Sources */,
			);
			runOnlyForDeploymentPostprocessing = 0;
		};
		DAC7A1FD20D9E7C5006EC55C /* Sources */ = {
			isa = PBXSourcesBuildPhase;
			buildActionMask = 2147483647;
			files = (
				DAC7A20620D9E7C5006EC55C /* MYZContentPageTests.m in Sources */,
			);
			runOnlyForDeploymentPostprocessing = 0;
		};
		DAC7A20820D9E7C5006EC55C /* Sources */ = {
			isa = PBXSourcesBuildPhase;
			buildActionMask = 2147483647;
			files = (
				DAC7A21120D9E7C5006EC55C /* MYZContentPageUITests.m in Sources */,
			);
			runOnlyForDeploymentPostprocessing = 0;
		};
/* End PBXSourcesBuildPhase section */

/* Begin PBXTargetDependency section */
		DAC7A20320D9E7C5006EC55C /* PBXTargetDependency */ = {
			isa = PBXTargetDependency;
			target = DAC7A1E820D9E7C4006EC55C /* MYZContentPage */;
			targetProxy = DAC7A20220D9E7C5006EC55C /* PBXContainerItemProxy */;
		};
		DAC7A20E20D9E7C5006EC55C /* PBXTargetDependency */ = {
			isa = PBXTargetDependency;
			target = DAC7A1E820D9E7C4006EC55C /* MYZContentPage */;
			targetProxy = DAC7A20D20D9E7C5006EC55C /* PBXContainerItemProxy */;
		};
/* End PBXTargetDependency section */

/* Begin PBXVariantGroup section */
		DAC7A1F220D9E7C4006EC55C /* Main.storyboard */ = {
			isa = PBXVariantGroup;
			children = (
				DAC7A1F320D9E7C4006EC55C /* Base */,
			);
			name = Main.storyboard;
			sourceTree = "<group>";
		};
		DAC7A1F720D9E7C5006EC55C /* LaunchScreen.storyboard */ = {
			isa = PBXVariantGroup;
			children = (
				DAC7A1F820D9E7C5006EC55C /* Base */,
			);
			name = LaunchScreen.storyboard;
			sourceTree = "<group>";
		};
/* End PBXVariantGroup section */

/* Begin XCBuildConfiguration section */
		DAC7A21320D9E7C5006EC55C /* Debug */ = {
			isa = XCBuildConfiguration;
			buildSettings = {
				ALWAYS_SEARCH_USER_PATHS = NO;
				CLANG_ANALYZER_NONNULL = YES;
				CLANG_ANALYZER_NUMBER_OBJECT_CONVERSION = YES_AGGRESSIVE;
				CLANG_CXX_LANGUAGE_STANDARD = "gnu++14";
				CLANG_CXX_LIBRARY = "libc++";
				CLANG_ENABLE_MODULES = YES;
				CLANG_ENABLE_OBJC_ARC = YES;
				CLANG_ENABLE_OBJC_WEAK = YES;
				CLANG_WARN_BLOCK_CAPTURE_AUTORELEASING = YES;
				CLANG_WARN_BOOL_CONVERSION = YES;
				CLANG_WARN_COMMA = YES;
				CLANG_WARN_CONSTANT_CONVERSION = YES;
				CLANG_WARN_DEPRECATED_OBJC_IMPLEMENTATIONS = YES;
				CLANG_WARN_DIRECT_OBJC_ISA_USAGE = YES_ERROR;
				CLANG_WARN_DOCUMENTATION_COMMENTS = YES;
				CLANG_WARN_EMPTY_BODY = YES;
				CLANG_WARN_ENUM_CONVERSION = YES;
				CLANG_WARN_INFINITE_RECURSION = YES;
				CLANG_WARN_INT_CONVERSION = YES;
				CLANG_WARN_NON_LITERAL_NULL_CONVERSION = YES;
				CLANG_WARN_OBJC_IMPLICIT_RETAIN_SELF = YES;
				CLANG_WARN_OBJC_LITERAL_CONVERSION = YES;
				CLANG_WARN_OBJC_ROOT_CLASS = YES_ERROR;
				CLANG_WARN_RANGE_LOOP_ANALYSIS = YES;
				CLANG_WARN_STRICT_PROTOTYPES = YES;
				CLANG_WARN_SUSPICIOUS_MOVE = YES;
				CLANG_WARN_UNGUARDED_AVAILABILITY = YES_AGGRESSIVE;
				CLANG_WARN_UNREACHABLE_CODE = YES;
				CLANG_WARN__DUPLICATE_METHOD_MATCH = YES;
				CODE_SIGN_IDENTITY = "iPhone Developer";
				COPY_PHASE_STRIP = NO;
				DEBUG_INFORMATION_FORMAT = dwarf;
				ENABLE_STRICT_OBJC_MSGSEND = YES;
				ENABLE_TESTABILITY = YES;
				GCC_C_LANGUAGE_STANDARD = gnu11;
				GCC_DYNAMIC_NO_PIC = NO;
				GCC_NO_COMMON_BLOCKS = YES;
				GCC_OPTIMIZATION_LEVEL = 0;
				GCC_PREPROCESSOR_DEFINITIONS = (
					"DEBUG=1",
					"$(inherited)",
				);
				GCC_WARN_64_TO_32_BIT_CONVERSION = YES;
				GCC_WARN_ABOUT_RETURN_TYPE = YES_ERROR;
				GCC_WARN_UNDECLARED_SELECTOR = YES;
				GCC_WARN_UNINITIALIZED_AUTOS = YES_AGGRESSIVE;
				GCC_WARN_UNUSED_FUNCTION = YES;
				GCC_WARN_UNUSED_VARIABLE = YES;
				IPHONEOS_DEPLOYMENT_TARGET = 11.3;
				MTL_ENABLE_DEBUG_INFO = YES;
				ONLY_ACTIVE_ARCH = YES;
				SDKROOT = iphoneos;
			};
			name = Debug;
		};
		DAC7A21420D9E7C5006EC55C /* Release */ = {
			isa = XCBuildConfiguration;
			buildSettings = {
				ALWAYS_SEARCH_USER_PATHS = NO;
				CLANG_ANALYZER_NONNULL = YES;
				CLANG_ANALYZER_NUMBER_OBJECT_CONVERSION = YES_AGGRESSIVE;
				CLANG_CXX_LANGUAGE_STANDARD = "gnu++14";
				CLANG_CXX_LIBRARY = "libc++";
				CLANG_ENABLE_MODULES = YES;
				CLANG_ENABLE_OBJC_ARC = YES;
				CLANG_ENABLE_OBJC_WEAK = YES;
				CLANG_WARN_BLOCK_CAPTURE_AUTORELEASING = YES;
				CLANG_WARN_BOOL_CONVERSION = YES;
				CLANG_WARN_COMMA = YES;
				CLANG_WARN_CONSTANT_CONVERSION = YES;
				CLANG_WARN_DEPRECATED_OBJC_IMPLEMENTATIONS = YES;
				CLANG_WARN_DIRECT_OBJC_ISA_USAGE = YES_ERROR;
				CLANG_WARN_DOCUMENTATION_COMMENTS = YES;
				CLANG_WARN_EMPTY_BODY = YES;
				CLANG_WARN_ENUM_CONVERSION = YES;
				CLANG_WARN_INFINITE_RECURSION = YES;
				CLANG_WARN_INT_CONVERSION = YES;
				CLANG_WARN_NON_LITERAL_NULL_CONVERSION = YES;
				CLANG_WARN_OBJC_IMPLICIT_RETAIN_SELF = YES;
				CLANG_WARN_OBJC_LITERAL_CONVERSION = YES;
				CLANG_WARN_OBJC_ROOT_CLASS = YES_ERROR;
				CLANG_WARN_RANGE_LOOP_ANALYSIS = YES;
				CLANG_WARN_STRICT_PROTOTYPES = YES;
				CLANG_WARN_SUSPICIOUS_MOVE = YES;
				CLANG_WARN_UNGUARDED_AVAILABILITY = YES_AGGRESSIVE;
				CLANG_WARN_UNREACHABLE_CODE = YES;
				CLANG_WARN__DUPLICATE_METHOD_MATCH = YES;
				CODE_SIGN_IDENTITY = "iPhone Developer";
				COPY_PHASE_STRIP = NO;
				DEBUG_INFORMATION_FORMAT = "dwarf-with-dsym";
				ENABLE_NS_ASSERTIONS = NO;
				ENABLE_STRICT_OBJC_MSGSEND = YES;
				GCC_C_LANGUAGE_STANDARD = gnu11;
				GCC_NO_COMMON_BLOCKS = YES;
				GCC_WARN_64_TO_32_BIT_CONVERSION = YES;
				GCC_WARN_ABOUT_RETURN_TYPE = YES_ERROR;
				GCC_WARN_UNDECLARED_SELECTOR = YES;
				GCC_WARN_UNINITIALIZED_AUTOS = YES_AGGRESSIVE;
				GCC_WARN_UNUSED_FUNCTION = YES;
				GCC_WARN_UNUSED_VARIABLE = YES;
				IPHONEOS_DEPLOYMENT_TARGET = 11.3;
				MTL_ENABLE_DEBUG_INFO = NO;
				SDKROOT = iphoneos;
				VALIDATE_PRODUCT = YES;
			};
			name = Release;
		};
		DAC7A21620D9E7C5006EC55C /* Debug */ = {
			isa = XCBuildConfiguration;
			buildSettings = {
				ASSETCATALOG_COMPILER_APPICON_NAME = AppIcon;
				CODE_SIGN_STYLE = Automatic;
				DEVELOPMENT_TEAM = K9C6ADD2L3;
				INFOPLIST_FILE = MYZContentPage/Info.plist;
				LD_RUNPATH_SEARCH_PATHS = (
					"$(inherited)",
					"@executable_path/Frameworks",
				);
				PRODUCT_BUNDLE_IDENTIFIER = com.myz.MYZContentPage;
				PRODUCT_NAME = "$(TARGET_NAME)";
				TARGETED_DEVICE_FAMILY = "1,2";
			};
			name = Debug;
		};
		DAC7A21720D9E7C5006EC55C /* Release */ = {
			isa = XCBuildConfiguration;
			buildSettings = {
				ASSETCATALOG_COMPILER_APPICON_NAME = AppIcon;
				CODE_SIGN_STYLE = Automatic;
				DEVELOPMENT_TEAM = K9C6ADD2L3;
				INFOPLIST_FILE = MYZContentPage/Info.plist;
				LD_RUNPATH_SEARCH_PATHS = (
					"$(inherited)",
					"@executable_path/Frameworks",
				);
				PRODUCT_BUNDLE_IDENTIFIER = com.myz.MYZContentPage;
				PRODUCT_NAME = "$(TARGET_NAME)";
				TARGETED_DEVICE_FAMILY = "1,2";
			};
			name = Release;
		};
		DAC7A21920D9E7C5006EC55C /* Debug */ = {
			isa = XCBuildConfiguration;
			buildSettings = {
				BUNDLE_LOADER = "$(TEST_HOST)";
				CODE_SIGN_STYLE = Automatic;
				INFOPLIST_FILE = MYZContentPageTests/Info.plist;
				LD_RUNPATH_SEARCH_PATHS = (
					"$(inherited)",
					"@executable_path/Frameworks",
					"@loader_path/Frameworks",
				);
				PRODUCT_BUNDLE_IDENTIFIER = com.myz.MYZContentPageTests;
				PRODUCT_NAME = "$(TARGET_NAME)";
				TARGETED_DEVICE_FAMILY = "1,2";
				TEST_HOST = "$(BUILT_PRODUCTS_DIR)/MYZContentPage.app/MYZContentPage";
			};
			name = Debug;
		};
		DAC7A21A20D9E7C5006EC55C /* Release */ = {
			isa = XCBuildConfiguration;
			buildSettings = {
				BUNDLE_LOADER = "$(TEST_HOST)";
				CODE_SIGN_STYLE = Automatic;
				INFOPLIST_FILE = MYZContentPageTests/Info.plist;
				LD_RUNPATH_SEARCH_PATHS = (
					"$(inherited)",
					"@executable_path/Frameworks",
					"@loader_path/Frameworks",
				);
				PRODUCT_BUNDLE_IDENTIFIER = com.myz.MYZContentPageTests;
				PRODUCT_NAME = "$(TARGET_NAME)";
				TARGETED_DEVICE_FAMILY = "1,2";
				TEST_HOST = "$(BUILT_PRODUCTS_DIR)/MYZContentPage.app/MYZContentPage";
			};
			name = Release;
		};
		DAC7A21C20D9E7C5006EC55C /* Debug */ = {
			isa = XCBuildConfiguration;
			buildSettings = {
				CODE_SIGN_STYLE = Automatic;
				INFOPLIST_FILE = MYZContentPageUITests/Info.plist;
				LD_RUNPATH_SEARCH_PATHS = (
					"$(inherited)",
					"@executable_path/Frameworks",
					"@loader_path/Frameworks",
				);
				PRODUCT_BUNDLE_IDENTIFIER = com.myz.MYZContentPageUITests;
				PRODUCT_NAME = "$(TARGET_NAME)";
				TARGETED_DEVICE_FAMILY = "1,2";
				TEST_TARGET_NAME = MYZContentPage;
			};
			name = Debug;
		};
		DAC7A21D20D9E7C5006EC55C /* Release */ = {
			isa = XCBuildConfiguration;
			buildSettings = {
				CODE_SIGN_STYLE = Automatic;
				INFOPLIST_FILE = MYZContentPageUITests/Info.plist;
				LD_RUNPATH_SEARCH_PATHS = (
					"$(inherited)",
					"@executable_path/Frameworks",
					"@loader_path/Frameworks",
				);
				PRODUCT_BUNDLE_IDENTIFIER = com.myz.MYZContentPageUITests;
				PRODUCT_NAME = "$(TARGET_NAME)";
				TARGETED_DEVICE_FAMILY = "1,2";
				TEST_TARGET_NAME = MYZContentPage;
			};
			name = Release;
		};
/* End XCBuildConfiguration section */

/* Begin XCConfigurationList section */
		DAC7A1E420D9E7C4006EC55C /* Build configuration list for PBXProject "MYZContentPage" */ = {
			isa = XCConfigurationList;
			buildConfigurations = (
				DAC7A21320D9E7C5006EC55C /* Debug */,
				DAC7A21420D9E7C5006EC55C /* Release */,
			);
			defaultConfigurationIsVisible = 0;
			defaultConfigurationName = Release;
		};
		DAC7A21520D9E7C5006EC55C /* Build configuration list for PBXNativeTarget "MYZContentPage" */ = {
			isa = XCConfigurationList;
			buildConfigurations = (
				DAC7A21620D9E7C5006EC55C /* Debug */,
				DAC7A21720D9E7C5006EC55C /* Release */,
			);
			defaultConfigurationIsVisible = 0;
			defaultConfigurationName = Release;
		};
		DAC7A21820D9E7C5006EC55C /* Build configuration list for PBXNativeTarget "MYZContentPageTests" */ = {
			isa = XCConfigurationList;
			buildConfigurations = (
				DAC7A21920D9E7C5006EC55C /* Debug */,
				DAC7A21A20D9E7C5006EC55C /* Release */,
			);
			defaultConfigurationIsVisible = 0;
			defaultConfigurationName = Release;
		};
		DAC7A21B20D9E7C5006EC55C /* Build configuration list for PBXNativeTarget "MYZContentPageUITests" */ = {
			isa = XCConfigurationList;
			buildConfigurations = (
				DAC7A21C20D9E7C5006EC55C /* Debug */,
				DAC7A21D20D9E7C5006EC55C /* Release */,
			);
			defaultConfigurationIsVisible = 0;
			defaultConfigurationName = Release;
		};
/* End XCConfigurationList section */
	};
	rootObject = DAC7A1E120D9E7C4006EC55C /* Project object */;
}
